
Microsoft Visual Studio Solution File, Format Version 12.00
# Visual Studio 2013
VisualStudioVersion = 12.0.40629.0
MinimumVisualStudioVersion = 10.0.40219.1
Project("{FAE04EC0-301F-11D3-BF4B-00C04F79EFBC}") = "VirtualDesktopGridSwitcher", "VirtualDesktopGridSwitcher\VirtualDesktopGridSwitcher.csproj", "{1EB11B78-8AD3-4250-AFD3-6AA5FAAE1406}"
EndProject
Project("{FAE04EC0-301F-11D3-BF4B-00C04F79EFBC}") = "VirtualDesktop", "VirtualDesktop-master\source\VirtualDesktop\VirtualDesktop.csproj", "{AB848ECD-76AA-41C0-B63D-86A8591B25AA}"
EndProject
Project("{2150E333-8FDC-42A3-9474-1A3956D46DE8}") = "VDMHelper", "VDMHelper", "{87D3295A-C8D5-4B05-A6C2-4E3E63F3B301}"
EndProject
Project("{8BC9CEB8-8B4A-11D0-8D11-00A0C91BC942}") = "VDMHelper32", "VDMHelper-master\VDMHelper\VDMHelper32.vcxproj", "{8C6FB699-291B-4084-B095-B3F6C6C07FFF}"
EndProject
Project("{8BC9CEB8-8B4A-11D0-8D11-00A0C91BC942}") = "VDMHelper64", "VDMHelper-master\VDMHelper\VDMHelper64.vcxproj", "{2C96CC12-7DAF-42F2-9689-51181EFBA7A5}"
EndProject
Project("{8BC9CEB8-8B4A-11D0-8D11-00A0C91BC942}") = "VDMHelperCLR32", "VDMHelper-master\VDMHelperCLR\VDMHelperCLR32.vcxproj", "{FEADD64F-60B8-4A91-BF82-AA9ACB13AFCC}"
EndProject
Project("{FAE04EC0-301F-11D3-BF4B-00C04F79EFBC}") = "VDMHelperCLR.Common", "VDMHelper-master\VDMHelperCLR.Common\VDMHelperCLR.Common.csproj", "{48DB157F-1959-406B-9967-0188158AE2B1}"
EndProject
Project("{8BC9CEB8-8B4A-11D0-8D11-00A0C91BC942}") = "VDMHelperCLR64", "VDMHelper-master\VDMHelperCLR\VDMHelperCLR64.vcxproj", "{8F914BB3-4B02-404E-B454-2B6FD868286A}"
EndProject
Project("{8BC9CEB8-8B4A-11D0-8D11-00A0C91BC942}") = "InjectDll32", "VDMHelper-master\InjectDll\InjectDll32.vcxproj", "{38E74B66-725D-4176-9B48-94CBF7606EB7}"
EndProject
Project("{8BC9CEB8-8B4A-11D0-8D11-00A0C91BC942}") = "InjectDll64", "VDMHelper-master\InjectDll\InjectDll64.vcxproj", "{A7831CDB-658F-40E4-8F84-0BAC56537DD4}"
EndProject
Global
	GlobalSection(SolutionConfigurationPlatforms) = preSolution
		Debug|Any CPU = Debug|Any CPU
		Release|Any CPU = Release|Any CPU
	EndGlobalSection
	GlobalSection(ProjectConfigurationPlatforms) = postSolution
		{1EB11B78-8AD3-4250-AFD3-6AA5FAAE1406}.Debug|Any CPU.ActiveCfg = Debug|Any CPU
		{1EB11B78-8AD3-4250-AFD3-6AA5FAAE1406}.Debug|Any CPU.Build.0 = Debug|Any CPU
		{1EB11B78-8AD3-4250-AFD3-6AA5FAAE1406}.Release|Any CPU.ActiveCfg = Release|Any CPU
		{1EB11B78-8AD3-4250-AFD3-6AA5FAAE1406}.Release|Any CPU.Build.0 = Release|Any CPU
		{AB848ECD-76AA-41C0-B63D-86A8591B25AA}.Debug|Any CPU.ActiveCfg = Debug|Any CPU
		{AB848ECD-76AA-41C0-B63D-86A8591B25AA}.Debug|Any CPU.Build.0 = Debug|Any CPU
		{AB848ECD-76AA-41C0-B63D-86A8591B25AA}.Release|Any CPU.ActiveCfg = Release|Any CPU
		{AB848ECD-76AA-41C0-B63D-86A8591B25AA}.Release|Any CPU.Build.0 = Release|Any CPU
		{8C6FB699-291B-4084-B095-B3F6C6C07FFF}.Debug|Any CPU.ActiveCfg = Debug|Win32
		{8C6FB699-291B-4084-B095-B3F6C6C07FFF}.Debug|Any CPU.Build.0 = Debug|Win32
		{8C6FB699-291B-4084-B095-B3F6C6C07FFF}.Release|Any CPU.ActiveCfg = Release|Win32
		{8C6FB699-291B-4084-B095-B3F6C6C07FFF}.Release|Any CPU.Build.0 = Release|Win32
		{2C96CC12-7DAF-42F2-9689-51181EFBA7A5}.Debug|Any CPU.ActiveCfg = Debug|x64
		{2C96CC12-7DAF-42F2-9689-51181EFBA7A5}.Debug|Any CPU.Build.0 = Debug|x64
		{2C96CC12-7DAF-42F2-9689-51181EFBA7A5}.Release|Any CPU.ActiveCfg = Release|x64
		{2C96CC12-7DAF-42F2-9689-51181EFBA7A5}.Release|Any CPU.Build.0 = Release|x64
		{FEADD64F-60B8-4A91-BF82-AA9ACB13AFCC}.Debug|Any CPU.ActiveCfg = Debug|Win32
		{FEADD64F-60B8-4A91-BF82-AA9ACB13AFCC}.Debug|Any CPU.Build.0 = Debug|Win32
		{FEADD64F-60B8-4A91-BF82-AA9ACB13AFCC}.Release|Any CPU.ActiveCfg = Release|Win32
		{FEADD64F-60B8-4A91-BF82-AA9ACB13AFCC}.Release|Any CPU.Build.0 = Release|Win32
		{48DB157F-1959-406B-9967-0188158AE2B1}.Debug|Any CPU.ActiveCfg = Debug|Any CPU
		{48DB157F-1959-406B-9967-0188158AE2B1}.Debug|Any CPU.Build.0 = Debug|Any CPU
		{48DB157F-1959-406B-9967-0188158AE2B1}.Release|Any CPU.ActiveCfg = Release|Any CPU
		{48DB157F-1959-406B-9967-0188158AE2B1}.Release|Any CPU.Build.0 = Release|Any CPU
		{8F914BB3-4B02-404E-B454-2B6FD868286A}.Debug|Any CPU.ActiveCfg = Debug|x64
		{8F914BB3-4B02-404E-B454-2B6FD868286A}.Debug|Any CPU.Build.0 = Debug|x64
		{8F914BB3-4B02-404E-B454-2B6FD868286A}.Release|Any CPU.ActiveCfg = Release|x64
		{8F914BB3-4B02-404E-B454-2B6FD868286A}.Release|Any CPU.Build.0 = Release|x64
		{38E74B66-725D-4176-9B48-94CBF7606EB7}.Debug|Any CPU.ActiveCfg = Debug|Win32
		{38E74B66-725D-4176-9B48-94CBF7606EB7}.Debug|Any CPU.Build.0 = Debug|Win32
		{38E74B66-725D-4176-9B48-94CBF7606EB7}.Release|Any CPU.ActiveCfg = Release|Win32
		{38E74B66-725D-4176-9B48-94CBF7606EB7}.Release|Any CPU.Build.0 = Release|Win32
		{A7831CDB-658F-40E4-8F84-0BAC56537DD4}.Debug|Any CPU.ActiveCfg = Debug|x64
		{A7831CDB-658F-40E4-8F84-0BAC56537DD4}.Debug|Any CPU.Build.0 = Debug|x64
		{A7831CDB-658F-40E4-8F84-0BAC56537DD4}.Release|Any CPU.ActiveCfg = Release|x64
		{A7831CDB-658F-40E4-8F84-0BAC56537DD4}.Release|Any CPU.Build.0 = Release|x64
	EndGlobalSection
	GlobalSection(SolutionProperties) = preSolution
		HideSolutionNode = FALSE
	EndGlobalSection
	GlobalSection(NestedProjects) = preSolution
		{8C6FB699-291B-4084-B095-B3F6C6C07FFF} = {87D3295A-C8D5-4B05-A6C2-4E3E63F3B301}
		{2C96CC12-7DAF-42F2-9689-51181EFBA7A5} = {87D3295A-C8D5-4B05-A6C2-4E3E63F3B301}
		{FEADD64F-60B8-4A91-BF82-AA9ACB13AFCC} = {87D3295A-C8D5-4B05-A6C2-4E3E63F3B301}
		{48DB157F-1959-406B-9967-0188158AE2B1} = {87D3295A-C8D5-4B05-A6C2-4E3E63F3B301}
		{8F914BB3-4B02-404E-B454-2B6FD868286A} = {87D3295A-C8D5-4B05-A6C2-4E3E63F3B301}
		{38E74B66-725D-4176-9B48-94CBF7606EB7} = {87D3295A-C8D5-4B05-A6C2-4E3E63F3B301}
		{A7831CDB-658F-40E4-8F84-0BAC56537DD4} = {87D3295A-C8D5-4B05-A6C2-4E3E63F3B301}
	EndGlobalSection
EndGlobal
